
Microsoft Visual Studio Solution File, Format Version 12.00
# Visual Studio Version 17
VisualStudioVersion = 17.5.33516.290
MinimumVisualStudioVersion = 10.0.40219.1
Project("{FAE04EC0-301F-11D3-BF4B-00C04F79EFBC}") = "Concesionario Ferrari", "Concesionario Ferrari\Concesionario Ferrari.csproj", "{7ACDA49D-242C-482F-8054-3193BAF5C3B0}"
EndProject
Project("{54435603-DBB4-11D2-8724-00A0C9A8B90C}") = "Instalador Ferrari Logroño", "Instalador Ferrari Logroño\Instalador Ferrari Logroño.vdproj", "{91B26D5A-12FF-443D-AC0C-1126049F1A5E}"
EndProject
Global
	GlobalSection(SolutionConfigurationPlatforms) = preSolution
		Debug|Any CPU = Debug|Any CPU
		Release|Any CPU = Release|Any CPU
	EndGlobalSection
	GlobalSection(ProjectConfigurationPlatforms) = postSolution
		{7ACDA49D-242C-482F-8054-3193BAF5C3B0}.Debug|Any CPU.ActiveCfg = Debug|Any CPU
		{7ACDA49D-242C-482F-8054-3193BAF5C3B0}.Debug|Any CPU.Build.0 = Debug|Any CPU
		{7ACDA49D-242C-482F-8054-3193BAF5C3B0}.Release|Any CPU.ActiveCfg = Release|Any CPU
		{7ACDA49D-242C-482F-8054-3193BAF5C3B0}.Release|Any CPU.Build.0 = Release|Any CPU
		{91B26D5A-12FF-443D-AC0C-1126049F1A5E}.Debug|Any CPU.ActiveCfg = Debug
		{91B26D5A-12FF-443D-AC0C-1126049F1A5E}.Release|Any CPU.ActiveCfg = Release
	EndGlobalSection
	GlobalSection(SolutionProperties) = preSolution
		HideSolutionNode = FALSE
	EndGlobalSection
	GlobalSection(ExtensibilityGlobals) = postSolution
		SolutionGuid = {8448E5C2-2DEE-4802-A887-5C8A98560F78}
	EndGlobalSection
EndGlobal
